// !$*UTF8*$!
{
	archiveVersion = 1;
	classes = {
	};
	objectVersion = 50;
	objects = {

/* Begin PBXBuildFile section */
		3D4E6D827958EEA4FAC3E2B9 /* Pods_feedthebotTests.framework in Frameworks */ = {isa = PBXBuildFile; fileRef = B57A0CCBB9083A30FDD77040 /* Pods_feedthebotTests.framework */; };
		82486DD38D487BF29872D135 /* Pods_feedthebot.framework in Frameworks */ = {isa = PBXBuildFile; fileRef = 0BD871FF00F2B2AB6FA97E91 /* Pods_feedthebot.framework */; };
		914C7186226109AC00AF9099 /* DataSetManager.swift in Sources */ = {isa = PBXBuildFile; fileRef = 914C7185226109AC00AF9099 /* DataSetManager.swift */; };
		914C718822616C0900AF9099 /* CardViewController.swift in Sources */ = {isa = PBXBuildFile; fileRef = 914C718722616C0900AF9099 /* CardViewController.swift */; };
		914C718B2264EC0E00AF9099 /* MFAlerts.swift in Sources */ = {isa = PBXBuildFile; fileRef = 914C718A2264EC0E00AF9099 /* MFAlerts.swift */; };
		914C718D226685D600AF9099 /* CategoryViewController.swift in Sources */ = {isa = PBXBuildFile; fileRef = 914C718C226685D600AF9099 /* CategoryViewController.swift */; };
		914C718F2267A31E00AF9099 /* SetimentViewController.swift in Sources */ = {isa = PBXBuildFile; fileRef = 914C718E2267A31D00AF9099 /* SetimentViewController.swift */; };
		914C71912267AA4A00AF9099 /* BBoxViewController.swift in Sources */ = {isa = PBXBuildFile; fileRef = 914C71902267AA4A00AF9099 /* BBoxViewController.swift */; };
		914C71932267AEFA00AF9099 /* Impact.ttf in Resources */ = {isa = PBXBuildFile; fileRef = 914C71922267AEF900AF9099 /* Impact.ttf */; };
		9175454A225FBB2A00DB77EE /* UserManager.swift in Sources */ = {isa = PBXBuildFile; fileRef = 91754549225FBB2A00DB77EE /* UserManager.swift */; };
		9175454C225FFA2400DB77EE /* MFColors.swift in Sources */ = {isa = PBXBuildFile; fileRef = 9175454B225FFA2400DB77EE /* MFColors.swift */; };
		9175454E225FFBA400DB77EE /* MFButtons.swift in Sources */ = {isa = PBXBuildFile; fileRef = 9175454D225FFBA400DB77EE /* MFButtons.swift */; };
		91754550226008D400DB77EE /* MFForms.swift in Sources */ = {isa = PBXBuildFile; fileRef = 9175454F226008D400DB77EE /* MFForms.swift */; };
		918660C8225FA99D00E158D2 /* GoogleService-Info.plist in Resources */ = {isa = PBXBuildFile; fileRef = 918660C7225FA99D00E158D2 /* GoogleService-Info.plist */; };
		918F2651225D7F4D00D6056C /* AppDelegate.swift in Sources */ = {isa = PBXBuildFile; fileRef = 918F2650225D7F4D00D6056C /* AppDelegate.swift */; };
		918F2653225D7F4D00D6056C /* ViewController.swift in Sources */ = {isa = PBXBuildFile; fileRef = 918F2652225D7F4D00D6056C /* ViewController.swift */; };
		918F2656225D7F4D00D6056C /* Main.storyboard in Resources */ = {isa = PBXBuildFile; fileRef = 918F2654225D7F4D00D6056C /* Main.storyboard */; };
		918F2658225D7F4F00D6056C /* Assets.xcassets in Resources */ = {isa = PBXBuildFile; fileRef = 918F2657225D7F4F00D6056C /* Assets.xcassets */; };
		918F265B225D7F4F00D6056C /* LaunchScreen.storyboard in Resources */ = {isa = PBXBuildFile; fileRef = 918F2659225D7F4F00D6056C /* LaunchScreen.storyboard */; };
		918F2666225D7F4F00D6056C /* feedthebotTests.swift in Sources */ = {isa = PBXBuildFile; fileRef = 918F2665225D7F4F00D6056C /* feedthebotTests.swift */; };
		918F2676225D857900D6056C /* TrainViewController.swift in Sources */ = {isa = PBXBuildFile; fileRef = 918F2675225D857900D6056C /* TrainViewController.swift */; };
		918F2678225DA65F00D6056C /* TextViewController.swift in Sources */ = {isa = PBXBuildFile; fileRef = 918F2677225DA65F00D6056C /* TextViewController.swift */; };
		91CD057B22604B570085614D /* PayoutViewController.swift in Sources */ = {isa = PBXBuildFile; fileRef = 91CD057A22604B570085614D /* PayoutViewController.swift */; };
		91D35D012269923A00C53BCF /* PolyCatViewController.swift in Sources */ = {isa = PBXBuildFile; fileRef = 91D35D002269923900C53BCF /* PolyCatViewController.swift */; };
		91D35D03226A241500C53BCF /* MFPolyEdit.swift in Sources */ = {isa = PBXBuildFile; fileRef = 91D35D02226A241500C53BCF /* MFPolyEdit.swift */; };
		91D35D05226A7BDE00C53BCF /* Localizable.strings in Resources */ = {isa = PBXBuildFile; fileRef = 91D35D04226A7BDD00C53BCF /* Localizable.strings */; };
		91D35D07226A7C1C00C53BCF /* Strings+Localized.swift in Sources */ = {isa = PBXBuildFile; fileRef = 91D35D06226A7C1C00C53BCF /* Strings+Localized.swift */; };
/* End PBXBuildFile section */

/* Begin PBXContainerItemProxy section */
		918F2662225D7F4F00D6056C /* PBXContainerItemProxy */ = {
			isa = PBXContainerItemProxy;
			containerPortal = 918F2645225D7F4D00D6056C /* Project object */;
			proxyType = 1;
			remoteGlobalIDString = 918F264C225D7F4D00D6056C;
			remoteInfo = feedthebot;
		};
/* End PBXContainerItemProxy section */

/* Begin PBXFileReference section */
		0BD871FF00F2B2AB6FA97E91 /* Pods_feedthebot.framework */ = {isa = PBXFileReference; explicitFileType = wrapper.framework; includeInIndex = 0; path = Pods_feedthebot.framework; sourceTree = BUILT_PRODUCTS_DIR; };
		375C55B3352D64CFFFEED065 /* Pods-feedthebotTests.release.xcconfig */ = {isa = PBXFileReference; includeInIndex = 1; lastKnownFileType = text.xcconfig; name = "Pods-feedthebotTests.release.xcconfig"; path = "Target Support Files/Pods-feedthebotTests/Pods-feedthebotTests.release.xcconfig"; sourceTree = "<group>"; };
		72FD7613EF597AFE296EFD75 /* Pods-feedthebot.debug.xcconfig */ = {isa = PBXFileReference; includeInIndex = 1; lastKnownFileType = text.xcconfig; name = "Pods-feedthebot.debug.xcconfig"; path = "Target Support Files/Pods-feedthebot/Pods-feedthebot.debug.xcconfig"; sourceTree = "<group>"; };
		87411C17685D37C0183DF149 /* Pods-feedthebotTests.debug.xcconfig */ = {isa = PBXFileReference; includeInIndex = 1; lastKnownFileType = text.xcconfig; name = "Pods-feedthebotTests.debug.xcconfig"; path = "Target Support Files/Pods-feedthebotTests/Pods-feedthebotTests.debug.xcconfig"; sourceTree = "<group>"; };
		914C7185226109AC00AF9099 /* DataSetManager.swift */ = {isa = PBXFileReference; lastKnownFileType = sourcecode.swift; path = DataSetManager.swift; sourceTree = "<group>"; };
		914C718722616C0900AF9099 /* CardViewController.swift */ = {isa = PBXFileReference; lastKnownFileType = sourcecode.swift; path = CardViewController.swift; sourceTree = "<group>"; };
		914C71892261A29F00AF9099 /* feedthebot.entitlements */ = {isa = PBXFileReference; lastKnownFileType = text.plist.entitlements; path = feedthebot.entitlements; sourceTree = "<group>"; };
		914C718A2264EC0E00AF9099 /* MFAlerts.swift */ = {isa = PBXFileReference; lastKnownFileType = sourcecode.swift; path = MFAlerts.swift; sourceTree = "<group>"; };
		914C718C226685D600AF9099 /* CategoryViewController.swift */ = {isa = PBXFileReference; lastKnownFileType = sourcecode.swift; path = CategoryViewController.swift; sourceTree = "<group>"; };
		914C718E2267A31D00AF9099 /* SetimentViewController.swift */ = {isa = PBXFileReference; lastKnownFileType = sourcecode.swift; path = SetimentViewController.swift; sourceTree = "<group>"; };
		914C71902267AA4A00AF9099 /* BBoxViewController.swift */ = {isa = PBXFileReference; lastKnownFileType = sourcecode.swift; path = BBoxViewController.swift; sourceTree = "<group>"; };
		914C71922267AEF900AF9099 /* Impact.ttf */ = {isa = PBXFileReference; lastKnownFileType = file; path = Impact.ttf; sourceTree = "<group>"; };
		91754549225FBB2A00DB77EE /* UserManager.swift */ = {isa = PBXFileReference; lastKnownFileType = sourcecode.swift; path = UserManager.swift; sourceTree = "<group>"; };
		9175454B225FFA2400DB77EE /* MFColors.swift */ = {isa = PBXFileReference; lastKnownFileType = sourcecode.swift; path = MFColors.swift; sourceTree = "<group>"; };
		9175454D225FFBA400DB77EE /* MFButtons.swift */ = {isa = PBXFileReference; lastKnownFileType = sourcecode.swift; path = MFButtons.swift; sourceTree = "<group>"; };
		9175454F226008D400DB77EE /* MFForms.swift */ = {isa = PBXFileReference; lastKnownFileType = sourcecode.swift; path = MFForms.swift; sourceTree = "<group>"; };
		918660C7225FA99D00E158D2 /* GoogleService-Info.plist */ = {isa = PBXFileReference; fileEncoding = 4; lastKnownFileType = text.plist.xml; path = "GoogleService-Info.plist"; sourceTree = "<group>"; };
		918F264D225D7F4D00D6056C /* feedthebot.app */ = {isa = PBXFileReference; explicitFileType = wrapper.application; includeInIndex = 0; path = feedthebot.app; sourceTree = BUILT_PRODUCTS_DIR; };
		918F2650225D7F4D00D6056C /* AppDelegate.swift */ = {isa = PBXFileReference; lastKnownFileType = sourcecode.swift; path = AppDelegate.swift; sourceTree = "<group>"; };
		918F2652225D7F4D00D6056C /* ViewController.swift */ = {isa = PBXFileReference; lastKnownFileType = sourcecode.swift; path = ViewController.swift; sourceTree = "<group>"; };
		918F2655225D7F4D00D6056C /* Base */ = {isa = PBXFileReference; lastKnownFileType = file.storyboard; name = Base; path = Base.lproj/Main.storyboard; sourceTree = "<group>"; };
		918F2657225D7F4F00D6056C /* Assets.xcassets */ = {isa = PBXFileReference; lastKnownFileType = folder.assetcatalog; path = Assets.xcassets; sourceTree = "<group>"; };
		918F265A225D7F4F00D6056C /* Base */ = {isa = PBXFileReference; lastKnownFileType = file.storyboard; name = Base; path = Base.lproj/LaunchScreen.storyboard; sourceTree = "<group>"; };
		918F265C225D7F4F00D6056C /* Info.plist */ = {isa = PBXFileReference; lastKnownFileType = text.plist.xml; path = Info.plist; sourceTree = "<group>"; };
		918F2661225D7F4F00D6056C /* feedthebotTests.xctest */ = {isa = PBXFileReference; explicitFileType = wrapper.cfbundle; includeInIndex = 0; path = feedthebotTests.xctest; sourceTree = BUILT_PRODUCTS_DIR; };
		918F2665225D7F4F00D6056C /* feedthebotTests.swift */ = {isa = PBXFileReference; lastKnownFileType = sourcecode.swift; path = feedthebotTests.swift; sourceTree = "<group>"; };
		918F2667225D7F4F00D6056C /* Info.plist */ = {isa = PBXFileReference; lastKnownFileType = text.plist.xml; path = Info.plist; sourceTree = "<group>"; };
		918F2671225D7FEA00D6056C /* README.md */ = {isa = PBXFileReference; lastKnownFileType = net.daringfireball.markdown; path = README.md; sourceTree = "<group>"; };
		918F2673225D801500D6056C /* Podfile */ = {isa = PBXFileReference; lastKnownFileType = text; path = Podfile; sourceTree = "<group>"; xcLanguageSpecificationIdentifier = xcode.lang.ruby; };
		918F2675225D857900D6056C /* TrainViewController.swift */ = {isa = PBXFileReference; lastKnownFileType = sourcecode.swift; path = TrainViewController.swift; sourceTree = "<group>"; };
		918F2677225DA65F00D6056C /* TextViewController.swift */ = {isa = PBXFileReference; lastKnownFileType = sourcecode.swift; path = TextViewController.swift; sourceTree = "<group>"; };
		91CD057A22604B570085614D /* PayoutViewController.swift */ = {isa = PBXFileReference; lastKnownFileType = sourcecode.swift; path = PayoutViewController.swift; sourceTree = "<group>"; };
		91D35D002269923900C53BCF /* PolyCatViewController.swift */ = {isa = PBXFileReference; lastKnownFileType = sourcecode.swift; path = PolyCatViewController.swift; sourceTree = "<group>"; };
		91D35D02226A241500C53BCF /* MFPolyEdit.swift */ = {isa = PBXFileReference; lastKnownFileType = sourcecode.swift; path = MFPolyEdit.swift; sourceTree = "<group>"; };
		91D35D04226A7BDD00C53BCF /* Localizable.strings */ = {isa = PBXFileReference; lastKnownFileType = text.plist.strings; path = Localizable.strings; sourceTree = "<group>"; };
		91D35D06226A7C1C00C53BCF /* Strings+Localized.swift */ = {isa = PBXFileReference; lastKnownFileType = sourcecode.swift; path = "Strings+Localized.swift"; sourceTree = "<group>"; };
		B57A0CCBB9083A30FDD77040 /* Pods_feedthebotTests.framework */ = {isa = PBXFileReference; explicitFileType = wrapper.framework; includeInIndex = 0; path = Pods_feedthebotTests.framework; sourceTree = BUILT_PRODUCTS_DIR; };
		B814180C7B6B52D249EDF334 /* Pods-feedthebot.release.xcconfig */ = {isa = PBXFileReference; includeInIndex = 1; lastKnownFileType = text.xcconfig; name = "Pods-feedthebot.release.xcconfig"; path = "Target Support Files/Pods-feedthebot/Pods-feedthebot.release.xcconfig"; sourceTree = "<group>"; };
/* End PBXFileReference section */

/* Begin PBXFrameworksBuildPhase section */
		918F264A225D7F4D00D6056C /* Frameworks */ = {
			isa = PBXFrameworksBuildPhase;
			buildActionMask = 2147483647;
			files = (
				82486DD38D487BF29872D135 /* Pods_feedthebot.framework in Frameworks */,
			);
			runOnlyForDeploymentPostprocessing = 0;
		};
		918F265E225D7F4F00D6056C /* Frameworks */ = {
			isa = PBXFrameworksBuildPhase;
			buildActionMask = 2147483647;
			files = (
				3D4E6D827958EEA4FAC3E2B9 /* Pods_feedthebotTests.framework in Frameworks */,
			);
			runOnlyForDeploymentPostprocessing = 0;
		};
/* End PBXFrameworksBuildPhase section */

/* Begin PBXGroup section */
		071697F77C3B17CF1AF441CC /* Pods */ = {
			isa = PBXGroup;
			children = (
				72FD7613EF597AFE296EFD75 /* Pods-feedthebot.debug.xcconfig */,
				B814180C7B6B52D249EDF334 /* Pods-feedthebot.release.xcconfig */,
				87411C17685D37C0183DF149 /* Pods-feedthebotTests.debug.xcconfig */,
				375C55B3352D64CFFFEED065 /* Pods-feedthebotTests.release.xcconfig */,
			);
			path = Pods;
			sourceTree = "<group>";
		};
		748B7876FF76DC2C738A308A /* Frameworks */ = {
			isa = PBXGroup;
			children = (
				0BD871FF00F2B2AB6FA97E91 /* Pods_feedthebot.framework */,
				B57A0CCBB9083A30FDD77040 /* Pods_feedthebotTests.framework */,
			);
			name = Frameworks;
			sourceTree = "<group>";
		};
		918F2644225D7F4D00D6056C = {
			isa = PBXGroup;
			children = (
				918F2671225D7FEA00D6056C /* README.md */,
				918F2673225D801500D6056C /* Podfile */,
				918F264F225D7F4D00D6056C /* feedthebot */,
				918F2664225D7F4F00D6056C /* feedthebotTests */,
				918F264E225D7F4D00D6056C /* Products */,
				071697F77C3B17CF1AF441CC /* Pods */,
				748B7876FF76DC2C738A308A /* Frameworks */,
			);
			sourceTree = "<group>";
		};
		918F264E225D7F4D00D6056C /* Products */ = {
			isa = PBXGroup;
			children = (
				918F264D225D7F4D00D6056C /* feedthebot.app */,
				918F2661225D7F4F00D6056C /* feedthebotTests.xctest */,
			);
			name = Products;
			sourceTree = "<group>";
		};
		918F264F225D7F4D00D6056C /* feedthebot */ = {
			isa = PBXGroup;
			children = (
				918F2650225D7F4D00D6056C /* AppDelegate.swift */,
				918F2652225D7F4D00D6056C /* ViewController.swift */,
				918F2675225D857900D6056C /* TrainViewController.swift */,
				918F2677225DA65F00D6056C /* TextViewController.swift */,
				914C718C226685D600AF9099 /* CategoryViewController.swift */,
				914C71902267AA4A00AF9099 /* BBoxViewController.swift */,
				91D35D002269923900C53BCF /* PolyCatViewController.swift */,
				914C718E2267A31D00AF9099 /* SetimentViewController.swift */,
				91CD057A22604B570085614D /* PayoutViewController.swift */,
				914C718722616C0900AF9099 /* CardViewController.swift */,
				91754549225FBB2A00DB77EE /* UserManager.swift */,
				914C7185226109AC00AF9099 /* DataSetManager.swift */,
				9175454B225FFA2400DB77EE /* MFColors.swift */,
				9175454D225FFBA400DB77EE /* MFButtons.swift */,
				91D35D02226A241500C53BCF /* MFPolyEdit.swift */,
				9175454F226008D400DB77EE /* MFForms.swift */,
				914C718A2264EC0E00AF9099 /* MFAlerts.swift */,
				918F2654225D7F4D00D6056C /* Main.storyboard */,
				918F2657225D7F4F00D6056C /* Assets.xcassets */,
				918F2659225D7F4F00D6056C /* LaunchScreen.storyboard */,
				918F265C225D7F4F00D6056C /* Info.plist */,
				91D35D06226A7C1C00C53BCF /* Strings+Localized.swift */,
				91D35D04226A7BDD00C53BCF /* Localizable.strings */,
				914C71922267AEF900AF9099 /* Impact.ttf */,
				914C71892261A29F00AF9099 /* feedthebot.entitlements */,
				918660C7225FA99D00E158D2 /* GoogleService-Info.plist */,
			);
			path = feedthebot;
			sourceTree = "<group>";
		};
		918F2664225D7F4F00D6056C /* feedthebotTests */ = {
			isa = PBXGroup;
			children = (
				918F2665225D7F4F00D6056C /* feedthebotTests.swift */,
				918F2667225D7F4F00D6056C /* Info.plist */,
			);
			path = feedthebotTests;
			sourceTree = "<group>";
		};
/* End PBXGroup section */

/* Begin PBXNativeTarget section */
		918F264C225D7F4D00D6056C /* feedthebot */ = {
			isa = PBXNativeTarget;
			buildConfigurationList = 918F266A225D7F4F00D6056C /* Build configuration list for PBXNativeTarget "feedthebot" */;
			buildPhases = (
				B9F2BEDE2C415051C87BF7F8 /* [CP] Check Pods Manifest.lock */,
				918F2649225D7F4D00D6056C /* Sources */,
				918F264A225D7F4D00D6056C /* Frameworks */,
				918F264B225D7F4D00D6056C /* Resources */,
				918F2670225D7F8100D6056C /* ShellScript */,
				A1638702B3A89BF1E73BC3D3 /* [CP] Embed Pods Frameworks */,
				6D741759B905D8C1FD78B9B3 /* [CP] Copy Pods Resources */,
			);
			buildRules = (
			);
			dependencies = (
			);
			name = feedthebot;
			productName = feedthebot;
			productReference = 918F264D225D7F4D00D6056C /* feedthebot.app */;
			productType = "com.apple.product-type.application";
		};
		918F2660225D7F4F00D6056C /* feedthebotTests */ = {
			isa = PBXNativeTarget;
			buildConfigurationList = 918F266D225D7F4F00D6056C /* Build configuration list for PBXNativeTarget "feedthebotTests" */;
			buildPhases = (
				B9C7ACD0036B5DA90F5B8015 /* [CP] Check Pods Manifest.lock */,
				918F265D225D7F4F00D6056C /* Sources */,
				918F265E225D7F4F00D6056C /* Frameworks */,
				918F265F225D7F4F00D6056C /* Resources */,
				A250E83599B45965153A36D2 /* [CP] Embed Pods Frameworks */,
			);
			buildRules = (
			);
			dependencies = (
				918F2663225D7F4F00D6056C /* PBXTargetDependency */,
			);
			name = feedthebotTests;
			productName = feedthebotTests;
			productReference = 918F2661225D7F4F00D6056C /* feedthebotTests.xctest */;
			productType = "com.apple.product-type.bundle.unit-test";
		};
/* End PBXNativeTarget section */

/* Begin PBXProject section */
		918F2645225D7F4D00D6056C /* Project object */ = {
			isa = PBXProject;
			attributes = {
				LastSwiftUpdateCheck = 1010;
				LastUpgradeCheck = 1010;
				ORGANIZATIONNAME = "Mobile Flow LLC";
				TargetAttributes = {
					918F264C225D7F4D00D6056C = {
						CreatedOnToolsVersion = 10.1;
						SystemCapabilities = {
							com.apple.Push = {
								enabled = 1;
							};
						};
					};
					918F2660225D7F4F00D6056C = {
						CreatedOnToolsVersion = 10.1;
						TestTargetID = 918F264C225D7F4D00D6056C;
					};
				};
			};
			buildConfigurationList = 918F2648225D7F4D00D6056C /* Build configuration list for PBXProject "feedthebot" */;
			compatibilityVersion = "Xcode 9.3";
			developmentRegion = en;
			hasScannedForEncodings = 0;
			knownRegions = (
				en,
				Base,
			);
			mainGroup = 918F2644225D7F4D00D6056C;
			productRefGroup = 918F264E225D7F4D00D6056C /* Products */;
			projectDirPath = "";
			projectRoot = "";
			targets = (
				918F264C225D7F4D00D6056C /* feedthebot */,
				918F2660225D7F4F00D6056C /* feedthebotTests */,
			);
		};
/* End PBXProject section */

/* Begin PBXResourcesBuildPhase section */
		918F264B225D7F4D00D6056C /* Resources */ = {
			isa = PBXResourcesBuildPhase;
			buildActionMask = 2147483647;
			files = (
				918F265B225D7F4F00D6056C /* LaunchScreen.storyboard in Resources */,
				91D35D05226A7BDE00C53BCF /* Localizable.strings in Resources */,
				918660C8225FA99D00E158D2 /* GoogleService-Info.plist in Resources */,
				918F2658225D7F4F00D6056C /* Assets.xcassets in Resources */,
				918F2656225D7F4D00D6056C /* Main.storyboard in Resources */,
				914C71932267AEFA00AF9099 /* Impact.ttf in Resources */,
			);
			runOnlyForDeploymentPostprocessing = 0;
		};
		918F265F225D7F4F00D6056C /* Resources */ = {
			isa = PBXResourcesBuildPhase;
			buildActionMask = 2147483647;
			files = (
			);
			runOnlyForDeploymentPostprocessing = 0;
		};
/* End PBXResourcesBuildPhase section */

/* Begin PBXShellScriptBuildPhase section */
		6D741759B905D8C1FD78B9B3 /* [CP] Copy Pods Resources */ = {
			isa = PBXShellScriptBuildPhase;
			buildActionMask = 2147483647;
			files = (
			);
			inputFileListPaths = (
			);
			inputPaths = (
				"${PODS_ROOT}/Target Support Files/Pods-feedthebot/Pods-feedthebot-resources.sh",
				"${PODS_CONFIGURATION_BUILD_DIR}/FirebaseUI/FirebaseAuthUI.bundle",
				"${PODS_CONFIGURATION_BUILD_DIR}/FirebaseUI/FirebaseEmailAuthUI.bundle",
				"${PODS_CONFIGURATION_BUILD_DIR}/FirebaseUI/FirebaseGoogleAuthUI.bundle",
				"${PODS_ROOT}/GoogleSignIn/Resources/GoogleSignIn.bundle",
			);
			name = "[CP] Copy Pods Resources";
			outputFileListPaths = (
			);
			outputPaths = (
				"${TARGET_BUILD_DIR}/${UNLOCALIZED_RESOURCES_FOLDER_PATH}/FirebaseAuthUI.bundle",
				"${TARGET_BUILD_DIR}/${UNLOCALIZED_RESOURCES_FOLDER_PATH}/FirebaseEmailAuthUI.bundle",
				"${TARGET_BUILD_DIR}/${UNLOCALIZED_RESOURCES_FOLDER_PATH}/FirebaseGoogleAuthUI.bundle",
				"${TARGET_BUILD_DIR}/${UNLOCALIZED_RESOURCES_FOLDER_PATH}/GoogleSignIn.bundle",
			);
			runOnlyForDeploymentPostprocessing = 0;
			shellPath = /bin/sh;
			shellScript = "\"${PODS_ROOT}/Target Support Files/Pods-feedthebot/Pods-feedthebot-resources.sh\"\n";
			showEnvVarsInLog = 0;
		};
		918F2670225D7F8100D6056C /* ShellScript */ = {
			isa = PBXShellScriptBuildPhase;
			buildActionMask = 2147483647;
			files = (
			);
			inputFileListPaths = (
			);
			inputPaths = (
			);
			outputFileListPaths = (
			);
			outputPaths = (
			);
			runOnlyForDeploymentPostprocessing = 0;
			shellPath = /bin/sh;
			shellScript = "# Type a script or drag a script file from your workspace to inse# Ty#printenv | sort > ~/xcode_environ_vars.txt\nOLD_NUMBER=`/usr/libexec/PlistBuddy -c \"Print CFBundleVersion\" \"$PRODUCT_SETTINGS_PATH\"`\nNEW_NUMBER=$((OLD_NUMBER+=1))\n`/usr/libexec/PlistBuddy -c \"Set CFBundleVersion $NEW_NUMBER\" \"$PRODUCT_SETTINGS_PATH\"`\n\n";
		};
		A1638702B3A89BF1E73BC3D3 /* [CP] Embed Pods Frameworks */ = {
			isa = PBXShellScriptBuildPhase;
			buildActionMask = 2147483647;
			files = (
			);
			inputFileListPaths = (
			);
			inputPaths = (
				"${PODS_ROOT}/Target Support Files/Pods-feedthebot/Pods-feedthebot-frameworks.sh",
				"${BUILT_PRODUCTS_DIR}/BoringSSL-GRPC/openssl_grpc.framework",
				"${BUILT_PRODUCTS_DIR}/GTMSessionFetcher/GTMSessionFetcher.framework",
				"${BUILT_PRODUCTS_DIR}/GoogleToolboxForMac/GoogleToolboxForMac.framework",
				"${BUILT_PRODUCTS_DIR}/GoogleUtilities/GoogleUtilities.framework",
				"${BUILT_PRODUCTS_DIR}/Protobuf/Protobuf.framework",
				"${BUILT_PRODUCTS_DIR}/SDWebImage/SDWebImage.framework",
				"${BUILT_PRODUCTS_DIR}/gRPC-C++/grpcpp.framework",
				"${BUILT_PRODUCTS_DIR}/gRPC-Core/grpc.framework",
				"${BUILT_PRODUCTS_DIR}/leveldb-library/leveldb.framework",
				"${BUILT_PRODUCTS_DIR}/nanopb/nanopb.framework",
			);
			name = "[CP] Embed Pods Frameworks";
			outputFileListPaths = (
			);
			outputPaths = (
				"${TARGET_BUILD_DIR}/${FRAMEWORKS_FOLDER_PATH}/openssl_grpc.framework",
				"${TARGET_BUILD_DIR}/${FRAMEWORKS_FOLDER_PATH}/GTMSessionFetcher.framework",
				"${TARGET_BUILD_DIR}/${FRAMEWORKS_FOLDER_PATH}/GoogleToolboxForMac.framework",
				"${TARGET_BUILD_DIR}/${FRAMEWORKS_FOLDER_PATH}/GoogleUtilities.framework",
				"${TARGET_BUILD_DIR}/${FRAMEWORKS_FOLDER_PATH}/Protobuf.framework",
				"${TARGET_BUILD_DIR}/${FRAMEWORKS_FOLDER_PATH}/SDWebImage.framework",
				"${TARGET_BUILD_DIR}/${FRAMEWORKS_FOLDER_PATH}/grpcpp.framework",
				"${TARGET_BUILD_DIR}/${FRAMEWORKS_FOLDER_PATH}/grpc.framework",
				"${TARGET_BUILD_DIR}/${FRAMEWORKS_FOLDER_PATH}/leveldb.framework",
				"${TARGET_BUILD_DIR}/${FRAMEWORKS_FOLDER_PATH}/nanopb.framework",
			);
			runOnlyForDeploymentPostprocessing = 0;
			shellPath = /bin/sh;
			shellScript = "\"${PODS_ROOT}/Target Support Files/Pods-feedthebot/Pods-feedthebot-frameworks.sh\"\n";
			showEnvVarsInLog = 0;
		};
		A250E83599B45965153A36D2 /* [CP] Embed Pods Frameworks */ = {
			isa = PBXShellScriptBuildPhase;
			buildActionMask = 2147483647;
			files = (
			);
			inputFileListPaths = (
			);
			inputPaths = (
				"${PODS_ROOT}/Target Support Files/Pods-feedthebotTests/Pods-feedthebotTests-frameworks.sh",
				"${BUILT_PRODUCTS_DIR}/Nimble/Nimble.framework",
			);
			name = "[CP] Embed Pods Frameworks";
			outputFileListPaths = (
			);
			outputPaths = (
				"${TARGET_BUILD_DIR}/${FRAMEWORKS_FOLDER_PATH}/Nimble.framework",
			);
			runOnlyForDeploymentPostprocessing = 0;
			shellPath = /bin/sh;
			shellScript = "\"${PODS_ROOT}/Target Support Files/Pods-feedthebotTests/Pods-feedthebotTests-frameworks.sh\"\n";
			showEnvVarsInLog = 0;
		};
		B9C7ACD0036B5DA90F5B8015 /* [CP] Check Pods Manifest.lock */ = {
			isa = PBXShellScriptBuildPhase;
			buildActionMask = 2147483647;
			files = (
			);
			inputFileListPaths = (
			);
			inputPaths = (
				"${PODS_PODFILE_DIR_PATH}/Podfile.lock",
				"${PODS_ROOT}/Manifest.lock",
			);
			name = "[CP] Check Pods Manifest.lock";
			outputFileListPaths = (
			);
			outputPaths = (
				"$(DERIVED_FILE_DIR)/Pods-feedthebotTests-checkManifestLockResult.txt",
			);
			runOnlyForDeploymentPostprocessing = 0;
			shellPath = /bin/sh;
			shellScript = "diff \"${PODS_PODFILE_DIR_PATH}/Podfile.lock\" \"${PODS_ROOT}/Manifest.lock\" > /dev/null\nif [ $? != 0 ] ; then\n    # print error to STDERR\n    echo \"error: The sandbox is not in sync with the Podfile.lock. Run 'pod install' or update your CocoaPods installation.\" >&2\n    exit 1\nfi\n# This output is used by Xcode 'outputs' to avoid re-running this script phase.\necho \"SUCCESS\" > \"${SCRIPT_OUTPUT_FILE_0}\"\n";
			showEnvVarsInLog = 0;
		};
		B9F2BEDE2C415051C87BF7F8 /* [CP] Check Pods Manifest.lock */ = {
			isa = PBXShellScriptBuildPhase;
			buildActionMask = 2147483647;
			files = (
			);
			inputFileListPaths = (
			);
			inputPaths = (
				"${PODS_PODFILE_DIR_PATH}/Podfile.lock",
				"${PODS_ROOT}/Manifest.lock",
			);
			name = "[CP] Check Pods Manifest.lock";
			outputFileListPaths = (
			);
			outputPaths = (
				"$(DERIVED_FILE_DIR)/Pods-feedthebot-checkManifestLockResult.txt",
			);
			runOnlyForDeploymentPostprocessing = 0;
			shellPath = /bin/sh;
			shellScript = "diff \"${PODS_PODFILE_DIR_PATH}/Podfile.lock\" \"${PODS_ROOT}/Manifest.lock\" > /dev/null\nif [ $? != 0 ] ; then\n    # print error to STDERR\n    echo \"error: The sandbox is not in sync with the Podfile.lock. Run 'pod install' or update your CocoaPods installation.\" >&2\n    exit 1\nfi\n# This output is used by Xcode 'outputs' to avoid re-running this script phase.\necho \"SUCCESS\" > \"${SCRIPT_OUTPUT_FILE_0}\"\n";
			showEnvVarsInLog = 0;
		};
/* End PBXShellScriptBuildPhase section */

/* Begin PBXSourcesBuildPhase section */
		918F2649225D7F4D00D6056C /* Sources */ = {
			isa = PBXSourcesBuildPhase;
			buildActionMask = 2147483647;
			files = (
				918F2653225D7F4D00D6056C /* ViewController.swift in Sources */,
				91D35D012269923A00C53BCF /* PolyCatViewController.swift in Sources */,
				918F2651225D7F4D00D6056C /* AppDelegate.swift in Sources */,
				91754550226008D400DB77EE /* MFForms.swift in Sources */,
				9175454C225FFA2400DB77EE /* MFColors.swift in Sources */,
				918F2676225D857900D6056C /* TrainViewController.swift in Sources */,
				91CD057B22604B570085614D /* PayoutViewController.swift in Sources */,
				9175454A225FBB2A00DB77EE /* UserManager.swift in Sources */,
				914C718F2267A31E00AF9099 /* SetimentViewController.swift in Sources */,
				9175454E225FFBA400DB77EE /* MFButtons.swift in Sources */,
				914C718822616C0900AF9099 /* CardViewController.swift in Sources */,
				914C71912267AA4A00AF9099 /* BBoxViewController.swift in Sources */,
				91D35D07226A7C1C00C53BCF /* Strings+Localized.swift in Sources */,
				914C7186226109AC00AF9099 /* DataSetManager.swift in Sources */,
				91D35D03226A241500C53BCF /* MFPolyEdit.swift in Sources */,
				914C718D226685D600AF9099 /* CategoryViewController.swift in Sources */,
				918F2678225DA65F00D6056C /* TextViewController.swift in Sources */,
				914C718B2264EC0E00AF9099 /* MFAlerts.swift in Sources */,
			);
			runOnlyForDeploymentPostprocessing = 0;
		};
		918F265D225D7F4F00D6056C /* Sources */ = {
			isa = PBXSourcesBuildPhase;
			buildActionMask = 2147483647;
			files = (
				918F2666225D7F4F00D6056C /* feedthebotTests.swift in Sources */,
			);
			runOnlyForDeploymentPostprocessing = 0;
		};
/* End PBXSourcesBuildPhase section */

/* Begin PBXTargetDependency section */
		918F2663225D7F4F00D6056C /* PBXTargetDependency */ = {
			isa = PBXTargetDependency;
			target = 918F264C225D7F4D00D6056C /* feedthebot */;
			targetProxy = 918F2662225D7F4F00D6056C /* PBXContainerItemProxy */;
		};
/* End PBXTargetDependency section */

/* Begin PBXVariantGroup section */
		918F2654225D7F4D00D6056C /* Main.storyboard */ = {
			isa = PBXVariantGroup;
			children = (
				918F2655225D7F4D00D6056C /* Base */,
			);
			name = Main.storyboard;
			sourceTree = "<group>";
		};
		918F2659225D7F4F00D6056C /* LaunchScreen.storyboard */ = {
			isa = PBXVariantGroup;
			children = (
				918F265A225D7F4F00D6056C /* Base */,
			);
			name = LaunchScreen.storyboard;
			sourceTree = "<group>";
		};
/* End PBXVariantGroup section */

/* Begin XCBuildConfiguration section */
		918F2668225D7F4F00D6056C /* Debug */ = {
			isa = XCBuildConfiguration;
			buildSettings = {
				ALWAYS_SEARCH_USER_PATHS = NO;
				CLANG_ANALYZER_NONNULL = YES;
				CLANG_ANALYZER_NUMBER_OBJECT_CONVERSION = YES_AGGRESSIVE;
				CLANG_CXX_LANGUAGE_STANDARD = "gnu++14";
				CLANG_CXX_LIBRARY = "libc++";
				CLANG_ENABLE_MODULES = YES;
				CLANG_ENABLE_OBJC_ARC = YES;
				CLANG_ENABLE_OBJC_WEAK = YES;
				CLANG_WARN_BLOCK_CAPTURE_AUTORELEASING = YES;
				CLANG_WARN_BOOL_CONVERSION = YES;
				CLANG_WARN_COMMA = YES;
				CLANG_WARN_CONSTANT_CONVERSION = YES;
				CLANG_WARN_DEPRECATED_OBJC_IMPLEMENTATIONS = YES;
				CLANG_WARN_DIRECT_OBJC_ISA_USAGE = YES_ERROR;
				CLANG_WARN_DOCUMENTATION_COMMENTS = YES;
				CLANG_WARN_EMPTY_BODY = YES;
				CLANG_WARN_ENUM_CONVERSION = YES;
				CLANG_WARN_INFINITE_RECURSION = YES;
				CLANG_WARN_INT_CONVERSION = YES;
				CLANG_WARN_NON_LITERAL_NULL_CONVERSION = YES;
				CLANG_WARN_OBJC_IMPLICIT_RETAIN_SELF = YES;
				CLANG_WARN_OBJC_LITERAL_CONVERSION = YES;
				CLANG_WARN_OBJC_ROOT_CLASS = YES_ERROR;
				CLANG_WARN_RANGE_LOOP_ANALYSIS = YES;
				CLANG_WARN_STRICT_PROTOTYPES = YES;
				CLANG_WARN_SUSPICIOUS_MOVE = YES;
				CLANG_WARN_UNGUARDED_AVAILABILITY = YES_AGGRESSIVE;
				CLANG_WARN_UNREACHABLE_CODE = YES;
				CLANG_WARN__DUPLICATE_METHOD_MATCH = YES;
				CODE_SIGN_IDENTITY = "iPhone Developer";
				COPY_PHASE_STRIP = NO;
				DEBUG_INFORMATION_FORMAT = dwarf;
				ENABLE_STRICT_OBJC_MSGSEND = YES;
				ENABLE_TESTABILITY = YES;
				GCC_C_LANGUAGE_STANDARD = gnu11;
				GCC_DYNAMIC_NO_PIC = NO;
				GCC_NO_COMMON_BLOCKS = YES;
				GCC_OPTIMIZATION_LEVEL = 0;
				GCC_PREPROCESSOR_DEFINITIONS = (
					"DEBUG=1",
					"$(inherited)",
				);
				GCC_WARN_64_TO_32_BIT_CONVERSION = YES;
				GCC_WARN_ABOUT_RETURN_TYPE = YES_ERROR;
				GCC_WARN_UNDECLARED_SELECTOR = YES;
				GCC_WARN_UNINITIALIZED_AUTOS = YES_AGGRESSIVE;
				GCC_WARN_UNUSED_FUNCTION = YES;
				GCC_WARN_UNUSED_VARIABLE = YES;
				IPHONEOS_DEPLOYMENT_TARGET = 12.1;
				MTL_ENABLE_DEBUG_INFO = INCLUDE_SOURCE;
				MTL_FAST_MATH = YES;
				ONLY_ACTIVE_ARCH = YES;
				SDKROOT = iphoneos;
				SWIFT_ACTIVE_COMPILATION_CONDITIONS = DEBUG;
				SWIFT_OPTIMIZATION_LEVEL = "-Onone";
			};
			name = Debug;
		};
		918F2669225D7F4F00D6056C /* Release */ = {
			isa = XCBuildConfiguration;
			buildSettings = {
				ALWAYS_SEARCH_USER_PATHS = NO;
				CLANG_ANALYZER_NONNULL = YES;
				CLANG_ANALYZER_NUMBER_OBJECT_CONVERSION = YES_AGGRESSIVE;
				CLANG_CXX_LANGUAGE_STANDARD = "gnu++14";
				CLANG_CXX_LIBRARY = "libc++";
				CLANG_ENABLE_MODULES = YES;
				CLANG_ENABLE_OBJC_ARC = YES;
				CLANG_ENABLE_OBJC_WEAK = YES;
				CLANG_WARN_BLOCK_CAPTURE_AUTORELEASING = YES;
				CLANG_WARN_BOOL_CONVERSION = YES;
				CLANG_WARN_COMMA = YES;
				CLANG_WARN_CONSTANT_CONVERSION = YES;
				CLANG_WARN_DEPRECATED_OBJC_IMPLEMENTATIONS = YES;
				CLANG_WARN_DIRECT_OBJC_ISA_USAGE = YES_ERROR;
				CLANG_WARN_DOCUMENTATION_COMMENTS = YES;
				CLANG_WARN_EMPTY_BODY = YES;
				CLANG_WARN_ENUM_CONVERSION = YES;
				CLANG_WARN_INFINITE_RECURSION = YES;
				CLANG_WARN_INT_CONVERSION = YES;
				CLANG_WARN_NON_LITERAL_NULL_CONVERSION = YES;
				CLANG_WARN_OBJC_IMPLICIT_RETAIN_SELF = YES;
				CLANG_WARN_OBJC_LITERAL_CONVERSION = YES;
				CLANG_WARN_OBJC_ROOT_CLASS = YES_ERROR;
				CLANG_WARN_RANGE_LOOP_ANALYSIS = YES;
				CLANG_WARN_STRICT_PROTOTYPES = YES;
				CLANG_WARN_SUSPICIOUS_MOVE = YES;
				CLANG_WARN_UNGUARDED_AVAILABILITY = YES_AGGRESSIVE;
				CLANG_WARN_UNREACHABLE_CODE = YES;
				CLANG_WARN__DUPLICATE_METHOD_MATCH = YES;
				CODE_SIGN_IDENTITY = "iPhone Developer";
				COPY_PHASE_STRIP = NO;
				DEBUG_INFORMATION_FORMAT = "dwarf-with-dsym";
				ENABLE_NS_ASSERTIONS = NO;
				ENABLE_STRICT_OBJC_MSGSEND = YES;
				GCC_C_LANGUAGE_STANDARD = gnu11;
				GCC_NO_COMMON_BLOCKS = YES;
				GCC_WARN_64_TO_32_BIT_CONVERSION = YES;
				GCC_WARN_ABOUT_RETURN_TYPE = YES_ERROR;
				GCC_WARN_UNDECLARED_SELECTOR = YES;
				GCC_WARN_UNINITIALIZED_AUTOS = YES_AGGRESSIVE;
				GCC_WARN_UNUSED_FUNCTION = YES;
				GCC_WARN_UNUSED_VARIABLE = YES;
				IPHONEOS_DEPLOYMENT_TARGET = 12.1;
				MTL_ENABLE_DEBUG_INFO = NO;
				MTL_FAST_MATH = YES;
				SDKROOT = iphoneos;
				SWIFT_COMPILATION_MODE = wholemodule;
				SWIFT_OPTIMIZATION_LEVEL = "-O";
				VALIDATE_PRODUCT = YES;
			};
			name = Release;
		};
		918F266B225D7F4F00D6056C /* Debug */ = {
			isa = XCBuildConfiguration;
			baseConfigurationReference = 72FD7613EF597AFE296EFD75 /* Pods-feedthebot.debug.xcconfig */;
			buildSettings = {
				ASSETCATALOG_COMPILER_APPICON_NAME = AppIcon;
				CODE_SIGN_ENTITLEMENTS = feedthebot/feedthebot.entitlements;
				CODE_SIGN_STYLE = Automatic;
				DEVELOPMENT_TEAM = 4W8SEMVXD2;
				INFOPLIST_FILE = feedthebot/Info.plist;
				LD_RUNPATH_SEARCH_PATHS = (
					"$(inherited)",
					"@executable_path/Frameworks",
				);
				PRODUCT_BUNDLE_IDENTIFIER = com.mobileflowllc.feedthebot;
				PRODUCT_NAME = "$(TARGET_NAME)";
				SWIFT_VERSION = 4.2;
				TARGETED_DEVICE_FAMILY = 1;
			};
			name = Debug;
		};
		918F266C225D7F4F00D6056C /* Release */ = {
			isa = XCBuildConfiguration;
			baseConfigurationReference = B814180C7B6B52D249EDF334 /* Pods-feedthebot.release.xcconfig */;
			buildSettings = {
				ASSETCATALOG_COMPILER_APPICON_NAME = AppIcon;
				CODE_SIGN_ENTITLEMENTS = feedthebot/feedthebot.entitlements;
				CODE_SIGN_STYLE = Automatic;
				DEVELOPMENT_TEAM = 4W8SEMVXD2;
				INFOPLIST_FILE = feedthebot/Info.plist;
				LD_RUNPATH_SEARCH_PATHS = (
					"$(inherited)",
					"@executable_path/Frameworks",
				);
				PRODUCT_BUNDLE_IDENTIFIER = com.mobileflowllc.feedthebot;
				PRODUCT_NAME = "$(TARGET_NAME)";
				SWIFT_VERSION = 4.2;
				TARGETED_DEVICE_FAMILY = 1;
			};
			name = Release;
		};
		918F266E225D7F4F00D6056C /* Debug */ = {
			isa = XCBuildConfiguration;
			baseConfigurationReference = 87411C17685D37C0183DF149 /* Pods-feedthebotTests.debug.xcconfig */;
			buildSettings = {
				ALWAYS_EMBED_SWIFT_STANDARD_LIBRARIES = YES;
				BUNDLE_LOADER = "$(TEST_HOST)";
				CODE_SIGN_STYLE = Automatic;
				DEVELOPMENT_TEAM = 4W8SEMVXD2;
				INFOPLIST_FILE = feedthebotTests/Info.plist;
				LD_RUNPATH_SEARCH_PATHS = (
					"$(inherited)",
					"@executable_path/Frameworks",
					"@loader_path/Frameworks",
				);
				PRODUCT_BUNDLE_IDENTIFIER = com.mobileflowllc.feedthebotTests;
				PRODUCT_NAME = "$(TARGET_NAME)";
				SWIFT_VERSION = 4.2;
				TARGETED_DEVICE_FAMILY = "1,2";
				TEST_HOST = "$(BUILT_PRODUCTS_DIR)/feedthebot.app/feedthebot";
			};
			name = Debug;
		};
		918F266F225D7F4F00D6056C /* Release */ = {
			isa = XCBuildConfiguration;
			baseConfigurationReference = 375C55B3352D64CFFFEED065 /* Pods-feedthebotTests.release.xcconfig */;
			buildSettings = {
				ALWAYS_EMBED_SWIFT_STANDARD_LIBRARIES = YES;
				BUNDLE_LOADER = "$(TEST_HOST)";
				CODE_SIGN_STYLE = Automatic;
				DEVELOPMENT_TEAM = 4W8SEMVXD2;
				INFOPLIST_FILE = feedthebotTests/Info.plist;
				LD_RUNPATH_SEARCH_PATHS = (
					"$(inherited)",
					"@executable_path/Frameworks",
					"@loader_path/Frameworks",
				);
				PRODUCT_BUNDLE_IDENTIFIER = com.mobileflowllc.feedthebotTests;
				PRODUCT_NAME = "$(TARGET_NAME)";
				SWIFT_VERSION = 4.2;
				TARGETED_DEVICE_FAMILY = "1,2";
				TEST_HOST = "$(BUILT_PRODUCTS_DIR)/feedthebot.app/feedthebot";
			};
			name = Release;
		};
/* End XCBuildConfiguration section */

/* Begin XCConfigurationList section */
		918F2648225D7F4D00D6056C /* Build configuration list for PBXProject "feedthebot" */ = {
			isa = XCConfigurationList;
			buildConfigurations = (
				918F2668225D7F4F00D6056C /* Debug */,
				918F2669225D7F4F00D6056C /* Release */,
			);
			defaultConfigurationIsVisible = 0;
			defaultConfigurationName = Release;
		};
		918F266A225D7F4F00D6056C /* Build configuration list for PBXNativeTarget "feedthebot" */ = {
			isa = XCConfigurationList;
			buildConfigurations = (
				918F266B225D7F4F00D6056C /* Debug */,
				918F266C225D7F4F00D6056C /* Release */,
			);
			defaultConfigurationIsVisible = 0;
			defaultConfigurationName = Release;
		};
		918F266D225D7F4F00D6056C /* Build configuration list for PBXNativeTarget "feedthebotTests" */ = {
			isa = XCConfigurationList;
			buildConfigurations = (
				918F266E225D7F4F00D6056C /* Debug */,
				918F266F225D7F4F00D6056C /* Release */,
			);
			defaultConfigurationIsVisible = 0;
			defaultConfigurationName = Release;
		};
/* End XCConfigurationList section */
	};
	rootObject = 918F2645225D7F4D00D6056C /* Project object */;
}
